<?xml version="1.0" encoding="utf-8"?>
<Project ToolsVersion="4.0" xmlns="http://schemas.microsoft.com/developer/msbuild/2003">
  <ItemGroup>
    <Filter Include="Resource Files">
      <UniqueIdentifier>{67DA6AB6-F800-4c08-8B7A-83BB121AAD01}</UniqueIdentifier>
      <Extensions>rc;ico;cur;bmp;dlg;rc2;rct;bin;rgs;gif;jpg;jpeg;jpe;resx;tiff;tif;png;wav;mfcribbon-ms</Extensions>
    </Filter>
    <Filter Include="Source Files">
      <UniqueIdentifier>{93995380-89BD-4b04-88EB-625FBE52EBFB}</UniqueIdentifier>
      <Extensions>h;hh;hpp;hxx;hm;inl;inc;ipp;xsd</Extensions>
    </Filter>
    <Filter Include="Source Files\Simulation">
      <UniqueIdentifier>{11502d00-dc60-495e-b9e0-6d397bbca343}</UniqueIdentifier>
    </Filter>
    <Filter Include="Source Files\Simulation\BarnesHut">
      <UniqueIdentifier>{e48ac6fc-79a3-4e1d-a8f7-a0b6a9fc1be5}</UniqueIdentifier>
    </Filter>
    <Filter Include="Source Files\Simulation\BruteForce">
      <UniqueIdentifier>{85929b1e-83b9-4695-976c-5c702eab8e5b}</UniqueIdentifier>
    </Filter>
    <Filter Include="Source Files\Multi-threading">
      <UniqueIdentifier>{84e34f49-7f78-4742-99ae-d323286e3247}</UniqueIdentifier>
    </Filter>
    <Filter Include="Source Files\Simulation\BarnesHut\Worker Tasks">
      <UniqueIdentifier>{8c074730-b87e-43da-b813-ca8f5a059bd0}</UniqueIdentifier>
    </Filter>
    <Filter Include="Source Files\Simulation\BarnesHut\Octree">
      <UniqueIdentifier>{6f0a353f-07c6-4cc8-8ba5-6a9a89fc949a}</UniqueIdentifier>
    </Filter>
    <Filter Include="Source Files\Simulation\Collision">
      <UniqueIdentifier>{66de5134-08e1-45cc-8bf4-4a84939c0f3e}</UniqueIdentifier>
    </Filter>
    <Filter Include="Source Files\Simulation\Collision\Octree">
      <UniqueIdentifier>{5f76937a-d1d3-4f00-8b90-6436e6f5fbb7}</UniqueIdentifier>
    </Filter>
  </ItemGroup>
  <ItemGroup>
    <ClCompile Include="Application.cpp">
      <Filter>Source Files</Filter>
    </ClCompile>
    <ClCompile Include="BarnesHut.cpp">
      <Filter>Source Files\Simulation\BarnesHut</Filter>
    </ClCompile>
    <ClCompile Include="BarnesHutCPU.cpp">
      <Filter>Source Files\Simulation\BarnesHut</Filter>
    </ClCompile>
    <ClCompile Include="BruteForce.cpp">
      <Filter>Source Files\Simulation\BruteForce</Filter>
    </ClCompile>
    <ClCompile Include="TaskBruteForceCPU.cpp">
      <Filter>Source Files\Simulation\BruteForce</Filter>
    </ClCompile>
    <ClCompile Include="Body.cpp">
      <Filter>Source Files\Simulation</Filter>
    </ClCompile>
    <ClCompile Include="PhysicsUtil.cpp">
      <Filter>Source Files\Simulation</Filter>
    </ClCompile>
    <ClCompile Include="Simulation.cpp">
      <Filter>Source Files\Simulation</Filter>
    </ClCompile>
    <ClCompile Include="Camera.cpp">
      <Filter>Source Files</Filter>
    </ClCompile>
    <ClCompile Include="Input.cpp">
      <Filter>Source Files</Filter>
    </ClCompile>
    <ClCompile Include="Main.cpp">
      <Filter>Source Files</Filter>
    </ClCompile>
    <ClCompile Include="Semaphore.cpp">
      <Filter>Source Files\Multi-threading</Filter>
    </ClCompile>
    <ClCompile Include="Task.cpp">
      <Filter>Source Files\Multi-threading</Filter>
    </ClCompile>
    <ClCompile Include="ThreadFarm.cpp">
      <Filter>Source Files\Multi-threading</Filter>
    </ClCompile>
    <ClCompile Include="Channel.cpp">
      <Filter>Source Files\Multi-threading</Filter>
    </ClCompile>
    <ClCompile Include="TaskInsertBody.cpp">
      <Filter>Source Files\Simulation\BarnesHut\Worker Tasks</Filter>
    </ClCompile>
    <ClCompile Include="TaskUpdateForces.cpp">
      <Filter>Source Files\Simulation\BarnesHut\Worker Tasks</Filter>
    </ClCompile>
    <ClCompile Include="Partition.cpp">
      <Filter>Source Files\Simulation\BarnesHut\Octree</Filter>
    </ClCompile>
    <ClCompile Include="OctreeNode.cpp">
      <Filter>Source Files\Simulation\BarnesHut\Octree</Filter>
    </ClCompile>
    <ClCompile Include="OctreeCollision.cpp">
      <Filter>Source Files\Simulation\Collision\Octree</Filter>
    </ClCompile>
    <ClCompile Include="TaskCollisionCheckNode.cpp">
      <Filter>Source Files\Simulation\BarnesHut\Worker Tasks</Filter>
    </ClCompile>
    <ClCompile Include="TaskCollisionCheckTree.cpp">
      <Filter>Source Files\Simulation\BarnesHut\Worker Tasks</Filter>
    </ClCompile>
  </ItemGroup>
  <ItemGroup>
    <ClInclude Include="Application.h">
      <Filter>Source Files</Filter>
    </ClInclude>
    <ClInclude Include="SETTINGS.h">
      <Filter>Source Files</Filter>
    </ClInclude>
    <ClInclude Include="Input.h">
      <Filter>Source Files</Filter>
    </ClInclude>
    <ClInclude Include="Camera.h">
      <Filter>Source Files</Filter>
    </ClInclude>
    <ClInclude Include="BarnesHut.h">
      <Filter>Source Files\Simulation\BarnesHut</Filter>
    </ClInclude>
    <ClInclude Include="BarnesHutCPU.h">
      <Filter>Source Files\Simulation\BarnesHut</Filter>
    </ClInclude>
    <ClInclude Include="BruteForce.h">
      <Filter>Source Files\Simulation\BruteForce</Filter>
    </ClInclude>
    <ClInclude Include="TaskBruteForceCPU.h">
      <Filter>Source Files\Simulation\BruteForce</Filter>
    </ClInclude>
    <ClInclude Include="Semaphore.h">
      <Filter>Source Files\Multi-threading</Filter>
    </ClInclude>
    <ClInclude Include="Task.h">
      <Filter>Source Files\Multi-threading</Filter>
    </ClInclude>
    <ClInclude Include="ThreadFarm.h">
      <Filter>Source Files\Multi-threading</Filter>
    </ClInclude>
    <ClInclude Include="PhysicsUtil.h">
      <Filter>Source Files\Simulation</Filter>
    </ClInclude>
    <ClInclude Include="Simulation.h">
      <Filter>Source Files\Simulation</Filter>
    </ClInclude>
    <ClInclude Include="Body.h">
      <Filter>Source Files\Simulation</Filter>
    </ClInclude>
    <ClInclude Include="Channel.h">
      <Filter>Source Files\Multi-threading</Filter>
    </ClInclude>
    <ClInclude Include="TaskInsertBody.h">
      <Filter>Source Files\Simulation\BarnesHut\Worker Tasks</Filter>
    </ClInclude>
    <ClInclude Include="TaskUpdateForces.h">
      <Filter>Source Files\Simulation\BarnesHut\Worker Tasks</Filter>
    </ClInclude>
    <ClInclude Include="Partition.h">
      <Filter>Source Files\Simulation\BarnesHut\Octree</Filter>
    </ClInclude>
    <ClInclude Include="OctreeNode.h">
      <Filter>Source Files\Simulation\BarnesHut\Octree</Filter>
    </ClInclude>
    <ClInclude Include="OctreeCollision.h">
      <Filter>Source Files\Simulation\Collision\Octree</Filter>
    </ClInclude>
    <ClInclude Include="TaskCollisionCheckNode.h">
      <Filter>Source Files\Simulation\BarnesHut\Worker Tasks</Filter>
    </ClInclude>
    <ClInclude Include="TaskCollisionCheckTree.h">
      <Filter>Source Files\Simulation\BarnesHut\Worker Tasks</Filter>
    </ClInclude>
    <ClInclude Include="SettingsEnums.h">
      <Filter>Source Files\Simulation</Filter>
    </ClInclude>
    <ClInclude Include="TextUI.h">
      <Filter>Source Files</Filter>
    </ClInclude>
  </ItemGroup>
</Project>